
Microsoft Visual Studio Solution File, Format Version 12.00
# Visual Studio 15
VisualStudioVersion = 15.0.27130.2024
MinimumVisualStudioVersion = 10.0.40219.1
Project("{FAE04EC0-301F-11D3-BF4B-00C04F79EFBC}") = "dataentry.stowrs.test", "dataentry.stowrs.test\dataentry.stowrs.test.csproj", "{BD7FD610-C22F-4FA4-83D0-14AF9E552EAE}"
EndProject
Global
	GlobalSection(SolutionConfigurationPlatforms) = preSolution
		Debug|Any CPU = Debug|Any CPU
		Release|Any CPU = Release|Any CPU
	EndGlobalSection
	GlobalSection(ProjectConfigurationPlatforms) = postSolution
		{BD7FD610-C22F-4FA4-83D0-14AF9E552EAE}.Debug|Any CPU.ActiveCfg = Debug|Any CPU
		{BD7FD610-C22F-4FA4-83D0-14AF9E552EAE}.Debug|Any CPU.Build.0 = Debug|Any CPU
		{BD7FD610-C22F-4FA4-83D0-14AF9E552EAE}.Release|Any CPU.ActiveCfg = Release|Any CPU
		{BD7FD610-C22F-4FA4-83D0-14AF9E552EAE}.Release|Any CPU.Build.0 = Release|Any CPU
	EndGlobalSection
	GlobalSection(SolutionProperties) = preSolution
		HideSolutionNode = FALSE
	EndGlobalSection
	GlobalSection(ExtensibilityGlobals) = postSolution
		SolutionGuid = {8668F35E-472B-4BC0-950C-C647245B93E0}
	EndGlobalSection
EndGlobal
